// !$*UTF8*$!
{
	archiveVersion = 1;
	classes = {
	};
	objectVersion = 50;
	objects = {

/* Begin PBXBuildFile section */
		9A31AB1E2729F6C2007B8AC2 /* AnimalModel.swift in Sources */ = {isa = PBXBuildFile; fileRef = 9A31AB1D2729F6C2007B8AC2 /* AnimalModel.swift */; };
		9A31AB222729FDFC007B8AC2 /* AnimalDetailView.swift in Sources */ = {isa = PBXBuildFile; fileRef = 9A31AB212729FDFC007B8AC2 /* AnimalDetailView.swift */; };
		9A31AB25272A00D0007B8AC2 /* HeadingView.swift in Sources */ = {isa = PBXBuildFile; fileRef = 9A31AB24272A00D0007B8AC2 /* HeadingView.swift */; };
		9A31AB28272A031A007B8AC2 /* InsertGalleryView.swift in Sources */ = {isa = PBXBuildFile; fileRef = 9A31AB27272A031A007B8AC2 /* InsertGalleryView.swift */; };
		9A5C69BE27283BF1004DD58D /* AfricaApp.swift in Sources */ = {isa = PBXBuildFile; fileRef = 9A5C69BD27283BF1004DD58D /* AfricaApp.swift */; };
		9A5C69C027283BF1004DD58D /* ContentView.swift in Sources */ = {isa = PBXBuildFile; fileRef = 9A5C69BF27283BF1004DD58D /* ContentView.swift */; };
		9A5C69C227283BF4004DD58D /* Assets.xcassets in Resources */ = {isa = PBXBuildFile; fileRef = 9A5C69C127283BF4004DD58D /* Assets.xcassets */; };
		9A5C69C527283BF4004DD58D /* Preview Assets.xcassets in Resources */ = {isa = PBXBuildFile; fileRef = 9A5C69C427283BF4004DD58D /* Preview Assets.xcassets */; };
		9AFC44E227293D4D00D8E1BF /* ostrich.mp4 in Resources */ = {isa = PBXBuildFile; fileRef = 9AFC44D827293D4A00D8E1BF /* ostrich.mp4 */; };
		9AFC44E327293D4D00D8E1BF /* lion.mp4 in Resources */ = {isa = PBXBuildFile; fileRef = 9AFC44D927293D4A00D8E1BF /* lion.mp4 */; };
		9AFC44E427293D4D00D8E1BF /* elephant.mp4 in Resources */ = {isa = PBXBuildFile; fileRef = 9AFC44DA27293D4B00D8E1BF /* elephant.mp4 */; };
		9AFC44E527293D4D00D8E1BF /* cheetah.mp4 in Resources */ = {isa = PBXBuildFile; fileRef = 9AFC44DB27293D4B00D8E1BF /* cheetah.mp4 */; };
		9AFC44E627293D4D00D8E1BF /* zebra.mp4 in Resources */ = {isa = PBXBuildFile; fileRef = 9AFC44DC27293D4B00D8E1BF /* zebra.mp4 */; };
		9AFC44E727293D4D00D8E1BF /* giraffe.mp4 in Resources */ = {isa = PBXBuildFile; fileRef = 9AFC44DD27293D4C00D8E1BF /* giraffe.mp4 */; };
		9AFC44E827293D4D00D8E1BF /* gorilla.mp4 in Resources */ = {isa = PBXBuildFile; fileRef = 9AFC44DE27293D4C00D8E1BF /* gorilla.mp4 */; };
		9AFC44E927293D4D00D8E1BF /* lioness.mp4 in Resources */ = {isa = PBXBuildFile; fileRef = 9AFC44DF27293D4C00D8E1BF /* lioness.mp4 */; };
		9AFC44EA27293D4D00D8E1BF /* hippo.mp4 in Resources */ = {isa = PBXBuildFile; fileRef = 9AFC44E027293D4D00D8E1BF /* hippo.mp4 */; };
		9AFC44EB27293D4D00D8E1BF /* rhino.mp4 in Resources */ = {isa = PBXBuildFile; fileRef = 9AFC44E127293D4D00D8E1BF /* rhino.mp4 */; };
		9AFC44FC27293DCB00D8E1BF /* covers.json in Resources */ = {isa = PBXBuildFile; fileRef = 9AFC44F827293DCB00D8E1BF /* covers.json */; };
		9AFC44FD27293DCB00D8E1BF /* locations.json in Resources */ = {isa = PBXBuildFile; fileRef = 9AFC44F927293DCB00D8E1BF /* locations.json */; };
		9AFC44FE27293DCB00D8E1BF /* animals.json in Resources */ = {isa = PBXBuildFile; fileRef = 9AFC44FA27293DCB00D8E1BF /* animals.json */; };
		9AFC44FF27293DCB00D8E1BF /* videos.json in Resources */ = {isa = PBXBuildFile; fileRef = 9AFC44FB27293DCB00D8E1BF /* videos.json */; };
		9AFC4504272940E500D8E1BF /* VideoListView.swift in Sources */ = {isa = PBXBuildFile; fileRef = 9AFC4503272940E500D8E1BF /* VideoListView.swift */; };
		9AFC450B2729411400D8E1BF /* MapView.swift in Sources */ = {isa = PBXBuildFile; fileRef = 9AFC450A2729411400D8E1BF /* MapView.swift */; };
		9AFC450E2729413200D8E1BF /* GalleryView.swift in Sources */ = {isa = PBXBuildFile; fileRef = 9AFC450D2729413200D8E1BF /* GalleryView.swift */; };
		9AFC45112729415B00D8E1BF /* MainView.swift in Sources */ = {isa = PBXBuildFile; fileRef = 9AFC45102729415B00D8E1BF /* MainView.swift */; };
		9AFC4515272943C000D8E1BF /* CoverImageView.swift in Sources */ = {isa = PBXBuildFile; fileRef = 9AFC4514272943C000D8E1BF /* CoverImageView.swift */; };
		9AFC451A272945A800D8E1BF /* CoverImageModel.swift in Sources */ = {isa = PBXBuildFile; fileRef = 9AFC4519272945A800D8E1BF /* CoverImageModel.swift */; };
		9AFC451F272946AB00D8E1BF /* CodableBundleExtension.swift in Sources */ = {isa = PBXBuildFile; fileRef = 9AFC451E272946AB00D8E1BF /* CodableBundleExtension.swift */; };
		9AFC45282729A11600D8E1BF /* AnimalListItemView.swift in Sources */ = {isa = PBXBuildFile; fileRef = 9AFC45272729A11600D8E1BF /* AnimalListItemView.swift */; };
/* End PBXBuildFile section */

/* Begin PBXFileReference section */
		9A31AB1D2729F6C2007B8AC2 /* AnimalModel.swift */ = {isa = PBXFileReference; lastKnownFileType = sourcecode.swift; path = AnimalModel.swift; sourceTree = "<group>"; };
		9A31AB212729FDFC007B8AC2 /* AnimalDetailView.swift */ = {isa = PBXFileReference; lastKnownFileType = sourcecode.swift; path = AnimalDetailView.swift; sourceTree = "<group>"; };
		9A31AB24272A00D0007B8AC2 /* HeadingView.swift */ = {isa = PBXFileReference; lastKnownFileType = sourcecode.swift; path = HeadingView.swift; sourceTree = "<group>"; };
		9A31AB27272A031A007B8AC2 /* InsertGalleryView.swift */ = {isa = PBXFileReference; lastKnownFileType = sourcecode.swift; path = InsertGalleryView.swift; sourceTree = "<group>"; };
		9A5C69BA27283BF1004DD58D /* Africa.app */ = {isa = PBXFileReference; explicitFileType = wrapper.application; includeInIndex = 0; path = Africa.app; sourceTree = BUILT_PRODUCTS_DIR; };
		9A5C69BD27283BF1004DD58D /* AfricaApp.swift */ = {isa = PBXFileReference; lastKnownFileType = sourcecode.swift; path = AfricaApp.swift; sourceTree = "<group>"; };
		9A5C69BF27283BF1004DD58D /* ContentView.swift */ = {isa = PBXFileReference; lastKnownFileType = sourcecode.swift; path = ContentView.swift; sourceTree = "<group>"; };
		9A5C69C127283BF4004DD58D /* Assets.xcassets */ = {isa = PBXFileReference; lastKnownFileType = folder.assetcatalog; path = Assets.xcassets; sourceTree = "<group>"; };
		9A5C69C427283BF4004DD58D /* Preview Assets.xcassets */ = {isa = PBXFileReference; lastKnownFileType = folder.assetcatalog; path = "Preview Assets.xcassets"; sourceTree = "<group>"; };
		9A5C69C627283BF4004DD58D /* Info.plist */ = {isa = PBXFileReference; lastKnownFileType = text.plist.xml; path = Info.plist; sourceTree = "<group>"; };
		9AFC44D827293D4A00D8E1BF /* ostrich.mp4 */ = {isa = PBXFileReference; lastKnownFileType = file; path = ostrich.mp4; sourceTree = "<group>"; };
		9AFC44D927293D4A00D8E1BF /* lion.mp4 */ = {isa = PBXFileReference; lastKnownFileType = file; path = lion.mp4; sourceTree = "<group>"; };
		9AFC44DA27293D4B00D8E1BF /* elephant.mp4 */ = {isa = PBXFileReference; lastKnownFileType = file; path = elephant.mp4; sourceTree = "<group>"; };
		9AFC44DB27293D4B00D8E1BF /* cheetah.mp4 */ = {isa = PBXFileReference; lastKnownFileType = file; path = cheetah.mp4; sourceTree = "<group>"; };
		9AFC44DC27293D4B00D8E1BF /* zebra.mp4 */ = {isa = PBXFileReference; lastKnownFileType = file; path = zebra.mp4; sourceTree = "<group>"; };
		9AFC44DD27293D4C00D8E1BF /* giraffe.mp4 */ = {isa = PBXFileReference; lastKnownFileType = file; path = giraffe.mp4; sourceTree = "<group>"; };
		9AFC44DE27293D4C00D8E1BF /* gorilla.mp4 */ = {isa = PBXFileReference; lastKnownFileType = file; path = gorilla.mp4; sourceTree = "<group>"; };
		9AFC44DF27293D4C00D8E1BF /* lioness.mp4 */ = {isa = PBXFileReference; lastKnownFileType = file; path = lioness.mp4; sourceTree = "<group>"; };
		9AFC44E027293D4D00D8E1BF /* hippo.mp4 */ = {isa = PBXFileReference; lastKnownFileType = file; path = hippo.mp4; sourceTree = "<group>"; };
		9AFC44E127293D4D00D8E1BF /* rhino.mp4 */ = {isa = PBXFileReference; lastKnownFileType = file; path = rhino.mp4; sourceTree = "<group>"; };
		9AFC44F827293DCB00D8E1BF /* covers.json */ = {isa = PBXFileReference; fileEncoding = 4; lastKnownFileType = text.json; path = covers.json; sourceTree = "<group>"; };
		9AFC44F927293DCB00D8E1BF /* locations.json */ = {isa = PBXFileReference; fileEncoding = 4; lastKnownFileType = text.json; path = locations.json; sourceTree = "<group>"; };
		9AFC44FA27293DCB00D8E1BF /* animals.json */ = {isa = PBXFileReference; fileEncoding = 4; lastKnownFileType = text.json; path = animals.json; sourceTree = "<group>"; };
		9AFC44FB27293DCB00D8E1BF /* videos.json */ = {isa = PBXFileReference; fileEncoding = 4; lastKnownFileType = text.json; path = videos.json; sourceTree = "<group>"; };
		9AFC4503272940E500D8E1BF /* VideoListView.swift */ = {isa = PBXFileReference; lastKnownFileType = sourcecode.swift; path = VideoListView.swift; sourceTree = "<group>"; };
		9AFC450A2729411400D8E1BF /* MapView.swift */ = {isa = PBXFileReference; lastKnownFileType = sourcecode.swift; path = MapView.swift; sourceTree = "<group>"; };
		9AFC450D2729413200D8E1BF /* GalleryView.swift */ = {isa = PBXFileReference; lastKnownFileType = sourcecode.swift; path = GalleryView.swift; sourceTree = "<group>"; };
		9AFC45102729415B00D8E1BF /* MainView.swift */ = {isa = PBXFileReference; lastKnownFileType = sourcecode.swift; path = MainView.swift; sourceTree = "<group>"; };
		9AFC4514272943C000D8E1BF /* CoverImageView.swift */ = {isa = PBXFileReference; lastKnownFileType = sourcecode.swift; path = CoverImageView.swift; sourceTree = "<group>"; };
		9AFC4519272945A800D8E1BF /* CoverImageModel.swift */ = {isa = PBXFileReference; lastKnownFileType = sourcecode.swift; path = CoverImageModel.swift; sourceTree = "<group>"; };
		9AFC451E272946AB00D8E1BF /* CodableBundleExtension.swift */ = {isa = PBXFileReference; lastKnownFileType = sourcecode.swift; path = CodableBundleExtension.swift; sourceTree = "<group>"; };
		9AFC45272729A11600D8E1BF /* AnimalListItemView.swift */ = {isa = PBXFileReference; lastKnownFileType = sourcecode.swift; path = AnimalListItemView.swift; sourceTree = "<group>"; };
/* End PBXFileReference section */

/* Begin PBXFrameworksBuildPhase section */
		9A5C69B727283BF1004DD58D /* Frameworks */ = {
			isa = PBXFrameworksBuildPhase;
			buildActionMask = 2147483647;
			files = (
			);
			runOnlyForDeploymentPostprocessing = 0;
		};
/* End PBXFrameworksBuildPhase section */

/* Begin PBXGroup section */
		9A5C69B127283BF1004DD58D = {
			isa = PBXGroup;
			children = (
				9A5C69BC27283BF1004DD58D /* Africa */,
				9A5C69BB27283BF1004DD58D /* Products */,
			);
			sourceTree = "<group>";
		};
		9A5C69BB27283BF1004DD58D /* Products */ = {
			isa = PBXGroup;
			children = (
				9A5C69BA27283BF1004DD58D /* Africa.app */,
			);
			name = Products;
			sourceTree = "<group>";
		};
		9A5C69BC27283BF1004DD58D /* Africa */ = {
			isa = PBXGroup;
			children = (
				9AFC451D2729468700D8E1BF /* Extension */,
				9AFC45182729458B00D8E1BF /* Model */,
				9AFC4513272943B100D8E1BF /* View */,
				9AFC44ED27293D7800D8E1BF /* Data */,
				9AFC44D727293D1700D8E1BF /* Video */,
				9AFC45012729404500D8E1BF /* App */,
				9A5C69C127283BF4004DD58D /* Assets.xcassets */,
				9A5C69C627283BF4004DD58D /* Info.plist */,
				9A5C69C327283BF4004DD58D /* Preview Content */,
			);
			path = Africa;
			sourceTree = "<group>";
		};
		9A5C69C327283BF4004DD58D /* Preview Content */ = {
			isa = PBXGroup;
			children = (
				9A5C69C427283BF4004DD58D /* Preview Assets.xcassets */,
			);
			path = "Preview Content";
			sourceTree = "<group>";
		};
		9AFC44D727293D1700D8E1BF /* Video */ = {
			isa = PBXGroup;
			children = (
				9AFC44DB27293D4B00D8E1BF /* cheetah.mp4 */,
				9AFC44DA27293D4B00D8E1BF /* elephant.mp4 */,
				9AFC44DD27293D4C00D8E1BF /* giraffe.mp4 */,
				9AFC44DE27293D4C00D8E1BF /* gorilla.mp4 */,
				9AFC44E027293D4D00D8E1BF /* hippo.mp4 */,
				9AFC44D927293D4A00D8E1BF /* lion.mp4 */,
				9AFC44DF27293D4C00D8E1BF /* lioness.mp4 */,
				9AFC44D827293D4A00D8E1BF /* ostrich.mp4 */,
				9AFC44E127293D4D00D8E1BF /* rhino.mp4 */,
				9AFC44DC27293D4B00D8E1BF /* zebra.mp4 */,
			);
			path = Video;
			sourceTree = "<group>";
		};
		9AFC44ED27293D7800D8E1BF /* Data */ = {
			isa = PBXGroup;
			children = (
				9AFC44FA27293DCB00D8E1BF /* animals.json */,
				9AFC44F827293DCB00D8E1BF /* covers.json */,
				9AFC44F927293DCB00D8E1BF /* locations.json */,
				9AFC44FB27293DCB00D8E1BF /* videos.json */,
			);
			path = Data;
			sourceTree = "<group>";
		};
		9AFC45012729404500D8E1BF /* App */ = {
			isa = PBXGroup;
			children = (
				9A5C69BD27283BF1004DD58D /* AfricaApp.swift */,
				9A5C69BF27283BF1004DD58D /* ContentView.swift */,
				9AFC4503272940E500D8E1BF /* VideoListView.swift */,
				9AFC450A2729411400D8E1BF /* MapView.swift */,
				9AFC450D2729413200D8E1BF /* GalleryView.swift */,
				9AFC45102729415B00D8E1BF /* MainView.swift */,
			);
			path = App;
			sourceTree = "<group>";
		};
		9AFC4513272943B100D8E1BF /* View */ = {
			isa = PBXGroup;
			children = (
				9AFC4514272943C000D8E1BF /* CoverImageView.swift */,
				9AFC45272729A11600D8E1BF /* AnimalListItemView.swift */,
				9A31AB212729FDFC007B8AC2 /* AnimalDetailView.swift */,
				9A31AB24272A00D0007B8AC2 /* HeadingView.swift */,
				9A31AB27272A031A007B8AC2 /* InsertGalleryView.swift */,
			);
			path = View;
			sourceTree = "<group>";
		};
		9AFC45182729458B00D8E1BF /* Model */ = {
			isa = PBXGroup;
			children = (
				9AFC4519272945A800D8E1BF /* CoverImageModel.swift */,
				9A31AB1D2729F6C2007B8AC2 /* AnimalModel.swift */,
			);
			path = Model;
			sourceTree = "<group>";
		};
		9AFC451D2729468700D8E1BF /* Extension */ = {
			isa = PBXGroup;
			children = (
				9AFC451E272946AB00D8E1BF /* CodableBundleExtension.swift */,
			);
			path = Extension;
			sourceTree = "<group>";
		};
/* End PBXGroup section */

/* Begin PBXNativeTarget section */
		9A5C69B927283BF1004DD58D /* Africa */ = {
			isa = PBXNativeTarget;
			buildConfigurationList = 9A5C69C927283BF4004DD58D /* Build configuration list for PBXNativeTarget "Africa" */;
			buildPhases = (
				9A5C69B627283BF1004DD58D /* Sources */,
				9A5C69B727283BF1004DD58D /* Frameworks */,
				9A5C69B827283BF1004DD58D /* Resources */,
			);
			buildRules = (
			);
			dependencies = (
			);
			name = Africa;
			productName = Africa;
			productReference = 9A5C69BA27283BF1004DD58D /* Africa.app */;
			productType = "com.apple.product-type.application";
		};
/* End PBXNativeTarget section */

/* Begin PBXProject section */
		9A5C69B227283BF1004DD58D /* Project object */ = {
			isa = PBXProject;
			attributes = {
				LastSwiftUpdateCheck = 1240;
				LastUpgradeCheck = 1240;
				TargetAttributes = {
					9A5C69B927283BF1004DD58D = {
						CreatedOnToolsVersion = 12.4;
					};
				};
			};
			buildConfigurationList = 9A5C69B527283BF1004DD58D /* Build configuration list for PBXProject "Africa" */;
			compatibilityVersion = "Xcode 9.3";
			developmentRegion = en;
			hasScannedForEncodings = 0;
			knownRegions = (
				en,
				Base,
			);
			mainGroup = 9A5C69B127283BF1004DD58D;
			productRefGroup = 9A5C69BB27283BF1004DD58D /* Products */;
			projectDirPath = "";
			projectRoot = "";
			targets = (
				9A5C69B927283BF1004DD58D /* Africa */,
			);
		};
/* End PBXProject section */

/* Begin PBXResourcesBuildPhase section */
		9A5C69B827283BF1004DD58D /* Resources */ = {
			isa = PBXResourcesBuildPhase;
			buildActionMask = 2147483647;
			files = (
				9AFC44FE27293DCB00D8E1BF /* animals.json in Resources */,
				9AFC44FD27293DCB00D8E1BF /* locations.json in Resources */,
				9AFC44FC27293DCB00D8E1BF /* covers.json in Resources */,
				9AFC44EB27293D4D00D8E1BF /* rhino.mp4 in Resources */,
				9AFC44E227293D4D00D8E1BF /* ostrich.mp4 in Resources */,
				9AFC44EA27293D4D00D8E1BF /* hippo.mp4 in Resources */,
				9AFC44E827293D4D00D8E1BF /* gorilla.mp4 in Resources */,
				9AFC44E327293D4D00D8E1BF /* lion.mp4 in Resources */,
				9AFC44E527293D4D00D8E1BF /* cheetah.mp4 in Resources */,
				9A5C69C527283BF4004DD58D /* Preview Assets.xcassets in Resources */,
				9AFC44E427293D4D00D8E1BF /* elephant.mp4 in Resources */,
				9AFC44E627293D4D00D8E1BF /* zebra.mp4 in Resources */,
				9AFC44E927293D4D00D8E1BF /* lioness.mp4 in Resources */,
				9AFC44FF27293DCB00D8E1BF /* videos.json in Resources */,
				9AFC44E727293D4D00D8E1BF /* giraffe.mp4 in Resources */,
				9A5C69C227283BF4004DD58D /* Assets.xcassets in Resources */,
			);
			runOnlyForDeploymentPostprocessing = 0;
		};
/* End PBXResourcesBuildPhase section */

/* Begin PBXSourcesBuildPhase section */
		9A5C69B627283BF1004DD58D /* Sources */ = {
			isa = PBXSourcesBuildPhase;
			buildActionMask = 2147483647;
			files = (
				9A5C69C027283BF1004DD58D /* ContentView.swift in Sources */,
				9AFC45282729A11600D8E1BF /* AnimalListItemView.swift in Sources */,
				9AFC45112729415B00D8E1BF /* MainView.swift in Sources */,
				9AFC4515272943C000D8E1BF /* CoverImageView.swift in Sources */,
				9AFC451A272945A800D8E1BF /* CoverImageModel.swift in Sources */,
				9A31AB222729FDFC007B8AC2 /* AnimalDetailView.swift in Sources */,
				9A31AB1E2729F6C2007B8AC2 /* AnimalModel.swift in Sources */,
				9AFC450B2729411400D8E1BF /* MapView.swift in Sources */,
				9A5C69BE27283BF1004DD58D /* AfricaApp.swift in Sources */,
				9AFC4504272940E500D8E1BF /* VideoListView.swift in Sources */,
				9AFC450E2729413200D8E1BF /* GalleryView.swift in Sources */,
				9AFC451F272946AB00D8E1BF /* CodableBundleExtension.swift in Sources */,
				9A31AB28272A031A007B8AC2 /* InsertGalleryView.swift in Sources */,
				9A31AB25272A00D0007B8AC2 /* HeadingView.swift in Sources */,
			);
			runOnlyForDeploymentPostprocessing = 0;
		};
/* End PBXSourcesBuildPhase section */

/* Begin XCBuildConfiguration section */
		9A5C69C727283BF4004DD58D /* Debug */ = {
			isa = XCBuildConfiguration;
			buildSettings = {
				ALWAYS_SEARCH_USER_PATHS = NO;
				CLANG_ANALYZER_NONNULL = YES;
				CLANG_ANALYZER_NUMBER_OBJECT_CONVERSION = YES_AGGRESSIVE;
				CLANG_CXX_LANGUAGE_STANDARD = "gnu++14";
				CLANG_CXX_LIBRARY = "libc++";
				CLANG_ENABLE_MODULES = YES;
				CLANG_ENABLE_OBJC_ARC = YES;
				CLANG_ENABLE_OBJC_WEAK = YES;
				CLANG_WARN_BLOCK_CAPTURE_AUTORELEASING = YES;
				CLANG_WARN_BOOL_CONVERSION = YES;
				CLANG_WARN_COMMA = YES;
				CLANG_WARN_CONSTANT_CONVERSION = YES;
				CLANG_WARN_DEPRECATED_OBJC_IMPLEMENTATIONS = YES;
				CLANG_WARN_DIRECT_OBJC_ISA_USAGE = YES_ERROR;
				CLANG_WARN_DOCUMENTATION_COMMENTS = YES;
				CLANG_WARN_EMPTY_BODY = YES;
				CLANG_WARN_ENUM_CONVERSION = YES;
				CLANG_WARN_INFINITE_RECURSION = YES;
				CLANG_WARN_INT_CONVERSION = YES;
				CLANG_WARN_NON_LITERAL_NULL_CONVERSION = YES;
				CLANG_WARN_OBJC_IMPLICIT_RETAIN_SELF = YES;
				CLANG_WARN_OBJC_LITERAL_CONVERSION = YES;
				CLANG_WARN_OBJC_ROOT_CLASS = YES_ERROR;
				CLANG_WARN_QUOTED_INCLUDE_IN_FRAMEWORK_HEADER = YES;
				CLANG_WARN_RANGE_LOOP_ANALYSIS = YES;
				CLANG_WARN_STRICT_PROTOTYPES = YES;
				CLANG_WARN_SUSPICIOUS_MOVE = YES;
				CLANG_WARN_UNGUARDED_AVAILABILITY = YES_AGGRESSIVE;
				CLANG_WARN_UNREACHABLE_CODE = YES;
				CLANG_WARN__DUPLICATE_METHOD_MATCH = YES;
				COPY_PHASE_STRIP = NO;
				DEBUG_INFORMATION_FORMAT = dwarf;
				ENABLE_STRICT_OBJC_MSGSEND = YES;
				ENABLE_TESTABILITY = YES;
				GCC_C_LANGUAGE_STANDARD = gnu11;
				GCC_DYNAMIC_NO_PIC = NO;
				GCC_NO_COMMON_BLOCKS = YES;
				GCC_OPTIMIZATION_LEVEL = 0;
				GCC_PREPROCESSOR_DEFINITIONS = (
					"DEBUG=1",
					"$(inherited)",
				);
				GCC_WARN_64_TO_32_BIT_CONVERSION = YES;
				GCC_WARN_ABOUT_RETURN_TYPE = YES_ERROR;
				GCC_WARN_UNDECLARED_SELECTOR = YES;
				GCC_WARN_UNINITIALIZED_AUTOS = YES_AGGRESSIVE;
				GCC_WARN_UNUSED_FUNCTION = YES;
				GCC_WARN_UNUSED_VARIABLE = YES;
				IPHONEOS_DEPLOYMENT_TARGET = 14.4;
				MTL_ENABLE_DEBUG_INFO = INCLUDE_SOURCE;
				MTL_FAST_MATH = YES;
				ONLY_ACTIVE_ARCH = YES;
				SDKROOT = iphoneos;
				SWIFT_ACTIVE_COMPILATION_CONDITIONS = DEBUG;
				SWIFT_OPTIMIZATION_LEVEL = "-Onone";
			};
			name = Debug;
		};
		9A5C69C827283BF4004DD58D /* Release */ = {
			isa = XCBuildConfiguration;
			buildSettings = {
				ALWAYS_SEARCH_USER_PATHS = NO;
				CLANG_ANALYZER_NONNULL = YES;
				CLANG_ANALYZER_NUMBER_OBJECT_CONVERSION = YES_AGGRESSIVE;
				CLANG_CXX_LANGUAGE_STANDARD = "gnu++14";
				CLANG_CXX_LIBRARY = "libc++";
				CLANG_ENABLE_MODULES = YES;
				CLANG_ENABLE_OBJC_ARC = YES;
				CLANG_ENABLE_OBJC_WEAK = YES;
				CLANG_WARN_BLOCK_CAPTURE_AUTORELEASING = YES;
				CLANG_WARN_BOOL_CONVERSION = YES;
				CLANG_WARN_COMMA = YES;
				CLANG_WARN_CONSTANT_CONVERSION = YES;
				CLANG_WARN_DEPRECATED_OBJC_IMPLEMENTATIONS = YES;
				CLANG_WARN_DIRECT_OBJC_ISA_USAGE = YES_ERROR;
				CLANG_WARN_DOCUMENTATION_COMMENTS = YES;
				CLANG_WARN_EMPTY_BODY = YES;
				CLANG_WARN_ENUM_CONVERSION = YES;
				CLANG_WARN_INFINITE_RECURSION = YES;
				CLANG_WARN_INT_CONVERSION = YES;
				CLANG_WARN_NON_LITERAL_NULL_CONVERSION = YES;
				CLANG_WARN_OBJC_IMPLICIT_RETAIN_SELF = YES;
				CLANG_WARN_OBJC_LITERAL_CONVERSION = YES;
				CLANG_WARN_OBJC_ROOT_CLASS = YES_ERROR;
				CLANG_WARN_QUOTED_INCLUDE_IN_FRAMEWORK_HEADER = YES;
				CLANG_WARN_RANGE_LOOP_ANALYSIS = YES;
				CLANG_WARN_STRICT_PROTOTYPES = YES;
				CLANG_WARN_SUSPICIOUS_MOVE = YES;
				CLANG_WARN_UNGUARDED_AVAILABILITY = YES_AGGRESSIVE;
				CLANG_WARN_UNREACHABLE_CODE = YES;
				CLANG_WARN__DUPLICATE_METHOD_MATCH = YES;
				COPY_PHASE_STRIP = NO;
				DEBUG_INFORMATION_FORMAT = "dwarf-with-dsym";
				ENABLE_NS_ASSERTIONS = NO;
				ENABLE_STRICT_OBJC_MSGSEND = YES;
				GCC_C_LANGUAGE_STANDARD = gnu11;
				GCC_NO_COMMON_BLOCKS = YES;
				GCC_WARN_64_TO_32_BIT_CONVERSION = YES;
				GCC_WARN_ABOUT_RETURN_TYPE = YES_ERROR;
				GCC_WARN_UNDECLARED_SELECTOR = YES;
				GCC_WARN_UNINITIALIZED_AUTOS = YES_AGGRESSIVE;
				GCC_WARN_UNUSED_FUNCTION = YES;
				GCC_WARN_UNUSED_VARIABLE = YES;
				IPHONEOS_DEPLOYMENT_TARGET = 14.4;
				MTL_ENABLE_DEBUG_INFO = NO;
				MTL_FAST_MATH = YES;
				SDKROOT = iphoneos;
				SWIFT_COMPILATION_MODE = wholemodule;
				SWIFT_OPTIMIZATION_LEVEL = "-O";
				VALIDATE_PRODUCT = YES;
			};
			name = Release;
		};
		9A5C69CA27283BF4004DD58D /* Debug */ = {
			isa = XCBuildConfiguration;
			buildSettings = {
				ASSETCATALOG_COMPILER_APPICON_NAME = AppIcon;
				ASSETCATALOG_COMPILER_GLOBAL_ACCENT_COLOR_NAME = AccentColor;
				CODE_SIGN_STYLE = Automatic;
				DEVELOPMENT_ASSET_PATHS = "\"Africa/Preview Content\"";
				ENABLE_PREVIEWS = YES;
				INFOPLIST_FILE = Africa/Info.plist;
				IPHONEOS_DEPLOYMENT_TARGET = 14.0;
				LD_RUNPATH_SEARCH_PATHS = (
					"$(inherited)",
					"@executable_path/Frameworks",
				);
				PRODUCT_BUNDLE_IDENTIFIER = com.burcuhozdemir.Africa;
				PRODUCT_NAME = "$(TARGET_NAME)";
				SWIFT_VERSION = 5.0;
				TARGETED_DEVICE_FAMILY = "1,2";
			};
			name = Debug;
		};
		9A5C69CB27283BF4004DD58D /* Release */ = {
			isa = XCBuildConfiguration;
			buildSettings = {
				ASSETCATALOG_COMPILER_APPICON_NAME = AppIcon;
				ASSETCATALOG_COMPILER_GLOBAL_ACCENT_COLOR_NAME = AccentColor;
				CODE_SIGN_STYLE = Automatic;
				DEVELOPMENT_ASSET_PATHS = "\"Africa/Preview Content\"";
				ENABLE_PREVIEWS = YES;
				INFOPLIST_FILE = Africa/Info.plist;
				IPHONEOS_DEPLOYMENT_TARGET = 14.0;
				LD_RUNPATH_SEARCH_PATHS = (
					"$(inherited)",
					"@executable_path/Frameworks",
				);
				PRODUCT_BUNDLE_IDENTIFIER = com.burcuhozdemir.Africa;
				PRODUCT_NAME = "$(TARGET_NAME)";
				SWIFT_VERSION = 5.0;
				TARGETED_DEVICE_FAMILY = "1,2";
			};
			name = Release;
		};
/* End XCBuildConfiguration section */

/* Begin XCConfigurationList section */
		9A5C69B527283BF1004DD58D /* Build configuration list for PBXProject "Africa" */ = {
			isa = XCConfigurationList;
			buildConfigurations = (
				9A5C69C727283BF4004DD58D /* Debug */,
				9A5C69C827283BF4004DD58D /* Release */,
			);
			defaultConfigurationIsVisible = 0;
			defaultConfigurationName = Release;
		};
		9A5C69C927283BF4004DD58D /* Build configuration list for PBXNativeTarget "Africa" */ = {
			isa = XCConfigurationList;
			buildConfigurations = (
				9A5C69CA27283BF4004DD58D /* Debug */,
				9A5C69CB27283BF4004DD58D /* Release */,
			);
			defaultConfigurationIsVisible = 0;
			defaultConfigurationName = Release;
		};
/* End XCConfigurationList section */
	};
	rootObject = 9A5C69B227283BF1004DD58D /* Project object */;
}
